// !$*UTF8*$!
{
	archiveVersion = 1;
	classes = {
	};
	objectVersion = 46;
	objects = {

/* Begin PBXBuildFile section */
		9502735A1D91AD05000A839F /* DangerClass.swift in Sources */ = {isa = PBXBuildFile; fileRef = 950273591D91AD05000A839F /* DangerClass.swift */; };
		95F483B51D89DE9300EDD548 /* AppDelegate.swift in Sources */ = {isa = PBXBuildFile; fileRef = 95F483B41D89DE9300EDD548 /* AppDelegate.swift */; };
		95F483B71D89DE9300EDD548 /* ViewController.swift in Sources */ = {isa = PBXBuildFile; fileRef = 95F483B61D89DE9300EDD548 /* ViewController.swift */; };
		95F483BA1D89DE9300EDD548 /* Main.storyboard in Resources */ = {isa = PBXBuildFile; fileRef = 95F483B81D89DE9300EDD548 /* Main.storyboard */; };
		95F483BC1D89DE9300EDD548 /* Assets.xcassets in Resources */ = {isa = PBXBuildFile; fileRef = 95F483BB1D89DE9300EDD548 /* Assets.xcassets */; };
		95F483BF1D89DE9300EDD548 /* LaunchScreen.storyboard in Resources */ = {isa = PBXBuildFile; fileRef = 95F483BD1D89DE9300EDD548 /* LaunchScreen.storyboard */; };
		95F483CA1D89DE9300EDD548 /* DangerPocTests.swift in Sources */ = {isa = PBXBuildFile; fileRef = 95F483C91D89DE9300EDD548 /* DangerPocTests.swift */; };
/* End PBXBuildFile section */

/* Begin PBXContainerItemProxy section */
		95F483C61D89DE9300EDD548 /* PBXContainerItemProxy */ = {
			isa = PBXContainerItemProxy;
			containerPortal = 95F483A91D89DE9200EDD548 /* Project object */;
			proxyType = 1;
			remoteGlobalIDString = 95F483B01D89DE9200EDD548;
			remoteInfo = DangerPoc;
		};
/* End PBXContainerItemProxy section */

/* Begin PBXFileReference section */
		950273591D91AD05000A839F /* DangerClass.swift */ = {isa = PBXFileReference; fileEncoding = 4; lastKnownFileType = sourcecode.swift; path = DangerClass.swift; sourceTree = "<group>"; };
		95F483B11D89DE9300EDD548 /* DangerPoc.app */ = {isa = PBXFileReference; explicitFileType = wrapper.application; includeInIndex = 0; path = DangerPoc.app; sourceTree = BUILT_PRODUCTS_DIR; };
		95F483B41D89DE9300EDD548 /* AppDelegate.swift */ = {isa = PBXFileReference; lastKnownFileType = sourcecode.swift; path = AppDelegate.swift; sourceTree = "<group>"; };
		95F483B61D89DE9300EDD548 /* ViewController.swift */ = {isa = PBXFileReference; lastKnownFileType = sourcecode.swift; path = ViewController.swift; sourceTree = "<group>"; };
		95F483B91D89DE9300EDD548 /* Base */ = {isa = PBXFileReference; lastKnownFileType = file.storyboard; name = Base; path = Base.lproj/Main.storyboard; sourceTree = "<group>"; };
		95F483BB1D89DE9300EDD548 /* Assets.xcassets */ = {isa = PBXFileReference; lastKnownFileType = folder.assetcatalog; path = Assets.xcassets; sourceTree = "<group>"; };
		95F483BE1D89DE9300EDD548 /* Base */ = {isa = PBXFileReference; lastKnownFileType = file.storyboard; name = Base; path = Base.lproj/LaunchScreen.storyboard; sourceTree = "<group>"; };
		95F483C01D89DE9300EDD548 /* Info.plist */ = {isa = PBXFileReference; lastKnownFileType = text.plist.xml; path = Info.plist; sourceTree = "<group>"; };
		95F483C51D89DE9300EDD548 /* DangerPocTests.xctest */ = {isa = PBXFileReference; explicitFileType = wrapper.cfbundle; includeInIndex = 0; path = DangerPocTests.xctest; sourceTree = BUILT_PRODUCTS_DIR; };
		95F483C91D89DE9300EDD548 /* DangerPocTests.swift */ = {isa = PBXFileReference; lastKnownFileType = sourcecode.swift; path = DangerPocTests.swift; sourceTree = "<group>"; };
		95F483CB1D89DE9300EDD548 /* Info.plist */ = {isa = PBXFileReference; lastKnownFileType = text.plist.xml; path = Info.plist; sourceTree = "<group>"; };
/* End PBXFileReference section */

/* Begin PBXFrameworksBuildPhase section */
		95F483AE1D89DE9200EDD548 /* Frameworks */ = {
			isa = PBXFrameworksBuildPhase;
			buildActionMask = 2147483647;
			files = (
			);
			runOnlyForDeploymentPostprocessing = 0;
		};
		95F483C21D89DE9300EDD548 /* Frameworks */ = {
			isa = PBXFrameworksBuildPhase;
			buildActionMask = 2147483647;
			files = (
			);
			runOnlyForDeploymentPostprocessing = 0;
		};
/* End PBXFrameworksBuildPhase section */

/* Begin PBXGroup section */
		95F483A81D89DE9200EDD548 = {
			isa = PBXGroup;
			children = (
				95F483B31D89DE9300EDD548 /* DangerPoc */,
				95F483C81D89DE9300EDD548 /* DangerPocTests */,
				95F483B21D89DE9300EDD548 /* Products */,
			);
			sourceTree = "<group>";
		};
		95F483B21D89DE9300EDD548 /* Products */ = {
			isa = PBXGroup;
			children = (
				95F483B11D89DE9300EDD548 /* DangerPoc.app */,
				95F483C51D89DE9300EDD548 /* DangerPocTests.xctest */,
			);
			name = Products;
			sourceTree = "<group>";
		};
		95F483B31D89DE9300EDD548 /* DangerPoc */ = {
			isa = PBXGroup;
			children = (
				95F483B41D89DE9300EDD548 /* AppDelegate.swift */,
				95F483B61D89DE9300EDD548 /* ViewController.swift */,
				95F483B81D89DE9300EDD548 /* Main.storyboard */,
				95F483BB1D89DE9300EDD548 /* Assets.xcassets */,
				95F483BD1D89DE9300EDD548 /* LaunchScreen.storyboard */,
				95F483C01D89DE9300EDD548 /* Info.plist */,
				950273591D91AD05000A839F /* DangerClass.swift */,
			);
			path = DangerPoc;
			sourceTree = "<group>";
		};
		95F483C81D89DE9300EDD548 /* DangerPocTests */ = {
			isa = PBXGroup;
			children = (
				95F483C91D89DE9300EDD548 /* DangerPocTests.swift */,
				95F483CB1D89DE9300EDD548 /* Info.plist */,
			);
			path = DangerPocTests;
			sourceTree = "<group>";
		};
/* End PBXGroup section */

/* Begin PBXNativeTarget section */
		95F483B01D89DE9200EDD548 /* DangerPoc */ = {
			isa = PBXNativeTarget;
			buildConfigurationList = 95F483CE1D89DE9300EDD548 /* Build configuration list for PBXNativeTarget "DangerPoc" */;
			buildPhases = (
				95F483AD1D89DE9200EDD548 /* Sources */,
				95F483AE1D89DE9200EDD548 /* Frameworks */,
				95F483AF1D89DE9200EDD548 /* Resources */,
			);
			buildRules = (
			);
			dependencies = (
			);
			name = DangerPoc;
			productName = DangerPoc;
			productReference = 95F483B11D89DE9300EDD548 /* DangerPoc.app */;
			productType = "com.apple.product-type.application";
		};
		95F483C41D89DE9300EDD548 /* DangerPocTests */ = {
			isa = PBXNativeTarget;
			buildConfigurationList = 95F483D11D89DE9300EDD548 /* Build configuration list for PBXNativeTarget "DangerPocTests" */;
			buildPhases = (
				95F483C11D89DE9300EDD548 /* Sources */,
				95F483C21D89DE9300EDD548 /* Frameworks */,
				95F483C31D89DE9300EDD548 /* Resources */,
			);
			buildRules = (
			);
			dependencies = (
				95F483C71D89DE9300EDD548 /* PBXTargetDependency */,
			);
			name = DangerPocTests;
			productName = DangerPocTests;
			productReference = 95F483C51D89DE9300EDD548 /* DangerPocTests.xctest */;
			productType = "com.apple.product-type.bundle.unit-test";
		};
/* End PBXNativeTarget section */

/* Begin PBXProject section */
		95F483A91D89DE9200EDD548 /* Project object */ = {
			isa = PBXProject;
			attributes = {
				LastSwiftUpdateCheck = 0800;
				LastUpgradeCheck = 0800;
				ORGANIZATIONNAME = "Concrete Solutions";
				TargetAttributes = {
					95F483B01D89DE9200EDD548 = {
						CreatedOnToolsVersion = 8.0;
						DevelopmentTeam = PN7U9JJPAS;
						ProvisioningStyle = Automatic;
					};
					95F483C41D89DE9300EDD548 = {
						CreatedOnToolsVersion = 8.0;
						DevelopmentTeam = PN7U9JJPAS;
						ProvisioningStyle = Automatic;
						TestTargetID = 95F483B01D89DE9200EDD548;
					};
				};
			};
			buildConfigurationList = 95F483AC1D89DE9200EDD548 /* Build configuration list for PBXProject "DangerPoc" */;
			compatibilityVersion = "Xcode 3.2";
			developmentRegion = English;
			hasScannedForEncodings = 0;
			knownRegions = (
				en,
				Base,
			);
			mainGroup = 95F483A81D89DE9200EDD548;
			productRefGroup = 95F483B21D89DE9300EDD548 /* Products */;
			projectDirPath = "";
			projectRoot = "";
			targets = (
				95F483B01D89DE9200EDD548 /* DangerPoc */,
				95F483C41D89DE9300EDD548 /* DangerPocTests */,
			);
		};
/* End PBXProject section */

/* Begin PBXResourcesBuildPhase section */
		95F483AF1D89DE9200EDD548 /* Resources */ = {
			isa = PBXResourcesBuildPhase;
			buildActionMask = 2147483647;
			files = (
				95F483BF1D89DE9300EDD548 /* LaunchScreen.storyboard in Resources */,
				95F483BC1D89DE9300EDD548 /* Assets.xcassets in Resources */,
				95F483BA1D89DE9300EDD548 /* Main.storyboard in Resources */,
			);
			runOnlyForDeploymentPostprocessing = 0;
		};
		95F483C31D89DE9300EDD548 /* Resources */ = {
			isa = PBXResourcesBuildPhase;
			buildActionMask = 2147483647;
			files = (
			);
			runOnlyForDeploymentPostprocessing = 0;
		};
/* End PBXResourcesBuildPhase section */

/* Begin PBXSourcesBuildPhase section */
		95F483AD1D89DE9200EDD548 /* Sources */ = {
			isa = PBXSourcesBuildPhase;
			buildActionMask = 2147483647;
			files = (
				9502735A1D91AD05000A839F /* DangerClass.swift in Sources */,
				95F483B71D89DE9300EDD548 /* ViewController.swift in Sources */,
				95F483B51D89DE9300EDD548 /* AppDelegate.swift in Sources */,
			);
			runOnlyForDeploymentPostprocessing = 0;
		};
		95F483C11D89DE9300EDD548 /* Sources */ = {
			isa = PBXSourcesBuildPhase;
			buildActionMask = 2147483647;
			files = (
				95F483CA1D89DE9300EDD548 /* DangerPocTests.swift in Sources */,
			);
			runOnlyForDeploymentPostprocessing = 0;
		};
/* End PBXSourcesBuildPhase section */

/* Begin PBXTargetDependency section */
		95F483C71D89DE9300EDD548 /* PBXTargetDependency */ = {
			isa = PBXTargetDependency;
			target = 95F483B01D89DE9200EDD548 /* DangerPoc */;
			targetProxy = 95F483C61D89DE9300EDD548 /* PBXContainerItemProxy */;
		};
/* End PBXTargetDependency section */

/* Begin PBXVariantGroup section */
		95F483B81D89DE9300EDD548 /* Main.storyboard */ = {
			isa = PBXVariantGroup;
			children = (
				95F483B91D89DE9300EDD548 /* Base */,
			);
			name = Main.storyboard;
			sourceTree = "<group>";
		};
		95F483BD1D89DE9300EDD548 /* LaunchScreen.storyboard */ = {
			isa = PBXVariantGroup;
			children = (
				95F483BE1D89DE9300EDD548 /* Base */,
			);
			name = LaunchScreen.storyboard;
			sourceTree = "<group>";
		};
/* End PBXVariantGroup section */

/* Begin XCBuildConfiguration section */
		95F483CC1D89DE9300EDD548 /* Debug */ = {
			isa = XCBuildConfiguration;
			buildSettings = {
				ALWAYS_SEARCH_USER_PATHS = NO;
				CLANG_ANALYZER_NONNULL = YES;
				CLANG_CXX_LANGUAGE_STANDARD = "gnu++0x";
				CLANG_CXX_LIBRARY = "libc++";
				CLANG_ENABLE_MODULES = YES;
				CLANG_ENABLE_OBJC_ARC = YES;
				CLANG_WARN_BOOL_CONVERSION = YES;
				CLANG_WARN_CONSTANT_CONVERSION = YES;
				CLANG_WARN_DIRECT_OBJC_ISA_USAGE = YES_ERROR;
				CLANG_WARN_DOCUMENTATION_COMMENTS = YES;
				CLANG_WARN_EMPTY_BODY = YES;
				CLANG_WARN_ENUM_CONVERSION = YES;
				CLANG_WARN_INFINITE_RECURSION = YES;
				CLANG_WARN_INT_CONVERSION = YES;
				CLANG_WARN_OBJC_ROOT_CLASS = YES_ERROR;
				CLANG_WARN_SUSPICIOUS_MOVES = YES;
				CLANG_WARN_UNREACHABLE_CODE = YES;
				CLANG_WARN__DUPLICATE_METHOD_MATCH = YES;
				"CODE_SIGN_IDENTITY[sdk=iphoneos*]" = "iPhone Developer";
				COPY_PHASE_STRIP = NO;
				DEBUG_INFORMATION_FORMAT = dwarf;
				ENABLE_STRICT_OBJC_MSGSEND = YES;
				ENABLE_TESTABILITY = YES;
				GCC_C_LANGUAGE_STANDARD = gnu99;
				GCC_DYNAMIC_NO_PIC = NO;
				GCC_NO_COMMON_BLOCKS = YES;
				GCC_OPTIMIZATION_LEVEL = 0;
				GCC_PREPROCESSOR_DEFINITIONS = (
					"DEBUG=1",
					"$(inherited)",
				);
				GCC_WARN_64_TO_32_BIT_CONVERSION = YES;
				GCC_WARN_ABOUT_RETURN_TYPE = YES_ERROR;
				GCC_WARN_UNDECLARED_SELECTOR = YES;
				GCC_WARN_UNINITIALIZED_AUTOS = YES_AGGRESSIVE;
				GCC_WARN_UNUSED_FUNCTION = YES;
				GCC_WARN_UNUSED_VARIABLE = YES;
				IPHONEOS_DEPLOYMENT_TARGET = 10.0;
				MTL_ENABLE_DEBUG_INFO = YES;
				ONLY_ACTIVE_ARCH = YES;
				SDKROOT = iphoneos;
				SWIFT_ACTIVE_COMPILATION_CONDITIONS = DEBUG;
				SWIFT_OPTIMIZATION_LEVEL = "-Onone";
				TARGETED_DEVICE_FAMILY = "1,2";
			};
			name = Debug;
		};
		95F483CD1D89DE9300EDD548 /* Release */ = {
			isa = XCBuildConfiguration;
			buildSettings = {
				ALWAYS_SEARCH_USER_PATHS = NO;
				CLANG_ANALYZER_NONNULL = YES;
				CLANG_CXX_LANGUAGE_STANDARD = "gnu++0x";
				CLANG_CXX_LIBRARY = "libc++";
				CLANG_ENABLE_MODULES = YES;
				CLANG_ENABLE_OBJC_ARC = YES;
				CLANG_WARN_BOOL_CONVERSION = YES;
				CLANG_WARN_CONSTANT_CONVERSION = YES;
				CLANG_WARN_DIRECT_OBJC_ISA_USAGE = YES_ERROR;
				CLANG_WARN_DOCUMENTATION_COMMENTS = YES;
				CLANG_WARN_EMPTY_BODY = YES;
				CLANG_WARN_ENUM_CONVERSION = YES;
				CLANG_WARN_INFINITE_RECURSION = YES;
				CLANG_WARN_INT_CONVERSION = YES;
				CLANG_WARN_OBJC_ROOT_CLASS = YES_ERROR;
				CLANG_WARN_SUSPICIOUS_MOVES = YES;
				CLANG_WARN_UNREACHABLE_CODE = YES;
				CLANG_WARN__DUPLICATE_METHOD_MATCH = YES;
				"CODE_SIGN_IDENTITY[sdk=iphoneos*]" = "iPhone Developer";
				COPY_PHASE_STRIP = NO;
				DEBUG_INFORMATION_FORMAT = "dwarf-with-dsym";
				ENABLE_NS_ASSERTIONS = NO;
				ENABLE_STRICT_OBJC_MSGSEND = YES;
				GCC_C_LANGUAGE_STANDARD = gnu99;
				GCC_NO_COMMON_BLOCKS = YES;
				GCC_WARN_64_TO_32_BIT_CONVERSION = YES;
				GCC_WARN_ABOUT_RETURN_TYPE = YES_ERROR;
				GCC_WARN_UNDECLARED_SELECTOR = YES;
				GCC_WARN_UNINITIALIZED_AUTOS = YES_AGGRESSIVE;
				GCC_WARN_UNUSED_FUNCTION = YES;
				GCC_WARN_UNUSED_VARIABLE = YES;
				IPHONEOS_DEPLOYMENT_TARGET = 10.0;
				MTL_ENABLE_DEBUG_INFO = NO;
				SDKROOT = iphoneos;
				SWIFT_OPTIMIZATION_LEVEL = "-Owholemodule";
				TARGETED_DEVICE_FAMILY = "1,2";
				VALIDATE_PRODUCT = YES;
			};
			name = Release;
		};
		95F483CF1D89DE9300EDD548 /* Debug */ = {
			isa = XCBuildConfiguration;
			buildSettings = {
				ASSETCATALOG_COMPILER_APPICON_NAME = AppIcon;
				DEVELOPMENT_TEAM = PN7U9JJPAS;
				INFOPLIST_FILE = DangerPoc/Info.plist;
				LD_RUNPATH_SEARCH_PATHS = "$(inherited) @executable_path/Frameworks";
				PRODUCT_BUNDLE_IDENTIFIER = com.concretesolutions.DangerPoc;
				PRODUCT_NAME = "$(TARGET_NAME)";
				SWIFT_VERSION = 3.0;
			};
			name = Debug;
		};
		95F483D01D89DE9300EDD548 /* Release */ = {
			isa = XCBuildConfiguration;
			buildSettings = {
				ASSETCATALOG_COMPILER_APPICON_NAME = AppIcon;
				DEVELOPMENT_TEAM = PN7U9JJPAS;
				INFOPLIST_FILE = DangerPoc/Info.plist;
				LD_RUNPATH_SEARCH_PATHS = "$(inherited) @executable_path/Frameworks";
				PRODUCT_BUNDLE_IDENTIFIER = com.concretesolutions.DangerPoc;
				PRODUCT_NAME = "$(TARGET_NAME)";
				SWIFT_VERSION = 3.0;
			};
			name = Release;
		};
		95F483D21D89DE9300EDD548 /* Debug */ = {
			isa = XCBuildConfiguration;
			buildSettings = {
				ALWAYS_EMBED_SWIFT_STANDARD_LIBRARIES = YES;
				BUNDLE_LOADER = "$(TEST_HOST)";
				DEVELOPMENT_TEAM = PN7U9JJPAS;
				INFOPLIST_FILE = DangerPocTests/Info.plist;
				LD_RUNPATH_SEARCH_PATHS = "$(inherited) @executable_path/Frameworks @loader_path/Frameworks";
				PRODUCT_BUNDLE_IDENTIFIER = com.concretesolutions.DangerPocTests;
				PRODUCT_NAME = "$(TARGET_NAME)";
				SWIFT_VERSION = 3.0;
				TEST_HOST = "$(BUILT_PRODUCTS_DIR)/DangerPoc.app/DangerPoc";
			};
			name = Debug;
		};
		95F483D31D89DE9300EDD548 /* Release */ = {
			isa = XCBuildConfiguration;
			buildSettings = {
				ALWAYS_EMBED_SWIFT_STANDARD_LIBRARIES = YES;
				BUNDLE_LOADER = "$(TEST_HOST)";
				DEVELOPMENT_TEAM = PN7U9JJPAS;
				INFOPLIST_FILE = DangerPocTests/Info.plist;
				LD_RUNPATH_SEARCH_PATHS = "$(inherited) @executable_path/Frameworks @loader_path/Frameworks";
				PRODUCT_BUNDLE_IDENTIFIER = com.concretesolutions.DangerPocTests;
				PRODUCT_NAME = "$(TARGET_NAME)";
				SWIFT_VERSION = 3.0;
				TEST_HOST = "$(BUILT_PRODUCTS_DIR)/DangerPoc.app/DangerPoc";
			};
			name = Release;
		};
/* End XCBuildConfiguration section */

/* Begin XCConfigurationList section */
		95F483AC1D89DE9200EDD548 /* Build configuration list for PBXProject "DangerPoc" */ = {
			isa = XCConfigurationList;
			buildConfigurations = (
				95F483CC1D89DE9300EDD548 /* Debug */,
				95F483CD1D89DE9300EDD548 /* Release */,
			);
			defaultConfigurationIsVisible = 0;
			defaultConfigurationName = Release;
		};
		95F483CE1D89DE9300EDD548 /* Build configuration list for PBXNativeTarget "DangerPoc" */ = {
			isa = XCConfigurationList;
			buildConfigurations = (
				95F483CF1D89DE9300EDD548 /* Debug */,
				95F483D01D89DE9300EDD548 /* Release */,
			);
			defaultConfigurationIsVisible = 0;
			defaultConfigurationName = Release;
		};
		95F483D11D89DE9300EDD548 /* Build configuration list for PBXNativeTarget "DangerPocTests" */ = {
			isa = XCConfigurationList;
			buildConfigurations = (
				95F483D21D89DE9300EDD548 /* Debug */,
				95F483D31D89DE9300EDD548 /* Release */,
			);
			defaultConfigurationIsVisible = 0;
			defaultConfigurationName = Release;
		};
/* End XCConfigurationList section */
	};
	rootObject = 95F483A91D89DE9200EDD548 /* Project object */;
}
